// !$*UTF8*$!
{
	archiveVersion = 1;
	classes = {
	};
	objectVersion = 50;
	objects = {

/* Begin PBXBuildFile section */
		29656812094017C4C64132D9 /* libPods-ScreenOnUITests.a in Frameworks */ = {isa = PBXBuildFile; fileRef = 1475FAF18998C274EA54E64E /* libPods-ScreenOnUITests.a */; };
		721816D620C382AD00207647 /* NSDate+ext.m in Sources */ = {isa = PBXBuildFile; fileRef = 721816D520C382AD00207647 /* NSDate+ext.m */; };
		722202DA20C2BC6B00B7C77C /* LoginViewController.m in Sources */ = {isa = PBXBuildFile; fileRef = 722202D920C2BC6B00B7C77C /* LoginViewController.m */; };
		72AB4C2520D350F800838B96 /* UserNotificationManager.m in Sources */ = {isa = PBXBuildFile; fileRef = 72AB4C2420D350F800838B96 /* UserNotificationManager.m */; };
		72AB4C2B20D35AD500838B96 /* LAContext+ext.m in Sources */ = {isa = PBXBuildFile; fileRef = 72AB4C2A20D35AD500838B96 /* LAContext+ext.m */; };
		72AB4C2E20D35FF800838B96 /* UIView+ext.m in Sources */ = {isa = PBXBuildFile; fileRef = 72AB4C2D20D35FF800838B96 /* UIView+ext.m */; };
		72CFF57B20CBB4780054C564 /* google.plist in Resources */ = {isa = PBXBuildFile; fileRef = 72CFF57A20CBB4780054C564 /* google.plist */; };
		72EF357A20C2B2920047B935 /* NSPersistentStoreCoordinator+ext.m in Sources */ = {isa = PBXBuildFile; fileRef = 72EF357820C2B2920047B935 /* NSPersistentStoreCoordinator+ext.m */; };
		72EF357D20C2B2D50047B935 /* CoreDataManager.m in Sources */ = {isa = PBXBuildFile; fileRef = 72EF357B20C2B2D50047B935 /* CoreDataManager.m */; };
		72EF358320C2B3270047B935 /* CaptureManager.m in Sources */ = {isa = PBXBuildFile; fileRef = 72EF358220C2B3270047B935 /* CaptureManager.m */; };
		72EFAFE120D39A3E00FF5352 /* AdmobViewController.m in Sources */ = {isa = PBXBuildFile; fileRef = 72EFAFE020D39A3E00FF5352 /* AdmobViewController.m */; };
		72EFAFE420D39ACA00FF5352 /* UIViewController+ext.m in Sources */ = {isa = PBXBuildFile; fileRef = 72EFAFE320D39ACA00FF5352 /* UIViewController+ext.m */; };
		72F04C1820BAA45E00DA34D2 /* AppDelegate.m in Sources */ = {isa = PBXBuildFile; fileRef = 72F04C1720BAA45E00DA34D2 /* AppDelegate.m */; };
		72F04C1E20BAA45E00DA34D2 /* Main.storyboard in Resources */ = {isa = PBXBuildFile; fileRef = 72F04C1C20BAA45E00DA34D2 /* Main.storyboard */; };
		72F04C2120BAA45E00DA34D2 /* ScreenOn.xcdatamodeld in Sources */ = {isa = PBXBuildFile; fileRef = 72F04C1F20BAA45E00DA34D2 /* ScreenOn.xcdatamodeld */; };
		72F04C2320BAA46000DA34D2 /* Assets.xcassets in Resources */ = {isa = PBXBuildFile; fileRef = 72F04C2220BAA46000DA34D2 /* Assets.xcassets */; };
		72F04C2620BAA46000DA34D2 /* LaunchScreen.storyboard in Resources */ = {isa = PBXBuildFile; fileRef = 72F04C2420BAA46000DA34D2 /* LaunchScreen.storyboard */; };
		72F04C2920BAA46000DA34D2 /* main.m in Sources */ = {isa = PBXBuildFile; fileRef = 72F04C2820BAA46000DA34D2 /* main.m */; };
		72F04C3320BAA46000DA34D2 /* ScreenOnTests.m in Sources */ = {isa = PBXBuildFile; fileRef = 72F04C3220BAA46000DA34D2 /* ScreenOnTests.m */; };
		72F04C3E20BAA46000DA34D2 /* ScreenOnUITests.m in Sources */ = {isa = PBXBuildFile; fileRef = 72F04C3D20BAA46000DA34D2 /* ScreenOnUITests.m */; };
		79E8A4B585D8B450D235CC3E /* libPods-ScreenOn.a in Frameworks */ = {isa = PBXBuildFile; fileRef = B4FBDDAAFA8ED0985C05833B /* libPods-ScreenOn.a */; };
		AEC5D61B923CC126D927F817 /* libPods-ScreenOnTests.a in Frameworks */ = {isa = PBXBuildFile; fileRef = 000EE2E0697B2606E5CA6249 /* libPods-ScreenOnTests.a */; };
/* End PBXBuildFile section */

/* Begin PBXContainerItemProxy section */
		72F04C2F20BAA46000DA34D2 /* PBXContainerItemProxy */ = {
			isa = PBXContainerItemProxy;
			containerPortal = 72F04C0B20BAA45E00DA34D2 /* Project object */;
			proxyType = 1;
			remoteGlobalIDString = 72F04C1220BAA45E00DA34D2;
			remoteInfo = ScreenOn;
		};
		72F04C3A20BAA46000DA34D2 /* PBXContainerItemProxy */ = {
			isa = PBXContainerItemProxy;
			containerPortal = 72F04C0B20BAA45E00DA34D2 /* Project object */;
			proxyType = 1;
			remoteGlobalIDString = 72F04C1220BAA45E00DA34D2;
			remoteInfo = ScreenOn;
		};
/* End PBXContainerItemProxy section */

/* Begin PBXFileReference section */
		000EE2E0697B2606E5CA6249 /* libPods-ScreenOnTests.a */ = {isa = PBXFileReference; explicitFileType = archive.ar; includeInIndex = 0; path = "libPods-ScreenOnTests.a"; sourceTree = BUILT_PRODUCTS_DIR; };
		0C149EDFEBE5B37D239A1A9C /* Pods-ScreenOnUITests.debug.xcconfig */ = {isa = PBXFileReference; includeInIndex = 1; lastKnownFileType = text.xcconfig; name = "Pods-ScreenOnUITests.debug.xcconfig"; path = "Pods/Target Support Files/Pods-ScreenOnUITests/Pods-ScreenOnUITests.debug.xcconfig"; sourceTree = "<group>"; };
		0D7241DA09C85A73B2653836 /* Pods-ScreenOnTests.release.xcconfig */ = {isa = PBXFileReference; includeInIndex = 1; lastKnownFileType = text.xcconfig; name = "Pods-ScreenOnTests.release.xcconfig"; path = "Pods/Target Support Files/Pods-ScreenOnTests/Pods-ScreenOnTests.release.xcconfig"; sourceTree = "<group>"; };
		1475FAF18998C274EA54E64E /* libPods-ScreenOnUITests.a */ = {isa = PBXFileReference; explicitFileType = archive.ar; includeInIndex = 0; path = "libPods-ScreenOnUITests.a"; sourceTree = BUILT_PRODUCTS_DIR; };
		1C932B0D1315EA8AC86029AC /* Pods-ScreenOn.release.xcconfig */ = {isa = PBXFileReference; includeInIndex = 1; lastKnownFileType = text.xcconfig; name = "Pods-ScreenOn.release.xcconfig"; path = "Pods/Target Support Files/Pods-ScreenOn/Pods-ScreenOn.release.xcconfig"; sourceTree = "<group>"; };
		4E30B5E10A9575D7DECEAF1D /* Pods-ScreenOnTests.debug.xcconfig */ = {isa = PBXFileReference; includeInIndex = 1; lastKnownFileType = text.xcconfig; name = "Pods-ScreenOnTests.debug.xcconfig"; path = "Pods/Target Support Files/Pods-ScreenOnTests/Pods-ScreenOnTests.debug.xcconfig"; sourceTree = "<group>"; };
		673FC7D1314B7AFCB444DEDB /* Pods-ScreenOn.debug.xcconfig */ = {isa = PBXFileReference; includeInIndex = 1; lastKnownFileType = text.xcconfig; name = "Pods-ScreenOn.debug.xcconfig"; path = "Pods/Target Support Files/Pods-ScreenOn/Pods-ScreenOn.debug.xcconfig"; sourceTree = "<group>"; };
		721816D420C382AD00207647 /* NSDate+ext.h */ = {isa = PBXFileReference; lastKnownFileType = sourcecode.c.h; path = "NSDate+ext.h"; sourceTree = "<group>"; };
		721816D520C382AD00207647 /* NSDate+ext.m */ = {isa = PBXFileReference; lastKnownFileType = sourcecode.c.objc; path = "NSDate+ext.m"; sourceTree = "<group>"; };
		722202D820C2BC6B00B7C77C /* LoginViewController.h */ = {isa = PBXFileReference; lastKnownFileType = sourcecode.c.h; path = LoginViewController.h; sourceTree = "<group>"; };
		722202D920C2BC6B00B7C77C /* LoginViewController.m */ = {isa = PBXFileReference; lastKnownFileType = sourcecode.c.objc; path = LoginViewController.m; sourceTree = "<group>"; };
		72AB4C2320D350F800838B96 /* UserNotificationManager.h */ = {isa = PBXFileReference; lastKnownFileType = sourcecode.c.h; path = UserNotificationManager.h; sourceTree = "<group>"; };
		72AB4C2420D350F800838B96 /* UserNotificationManager.m */ = {isa = PBXFileReference; lastKnownFileType = sourcecode.c.objc; path = UserNotificationManager.m; sourceTree = "<group>"; };
		72AB4C2920D35AD500838B96 /* LAContext+ext.h */ = {isa = PBXFileReference; lastKnownFileType = sourcecode.c.h; path = "LAContext+ext.h"; sourceTree = "<group>"; };
		72AB4C2A20D35AD500838B96 /* LAContext+ext.m */ = {isa = PBXFileReference; lastKnownFileType = sourcecode.c.objc; path = "LAContext+ext.m"; sourceTree = "<group>"; };
		72AB4C2C20D35FF800838B96 /* UIView+ext.h */ = {isa = PBXFileReference; lastKnownFileType = sourcecode.c.h; path = "UIView+ext.h"; sourceTree = "<group>"; };
		72AB4C2D20D35FF800838B96 /* UIView+ext.m */ = {isa = PBXFileReference; lastKnownFileType = sourcecode.c.objc; path = "UIView+ext.m"; sourceTree = "<group>"; };
		72CFF57A20CBB4780054C564 /* google.plist */ = {isa = PBXFileReference; fileEncoding = 4; lastKnownFileType = text.plist.xml; path = google.plist; sourceTree = "<group>"; };
		72EF357820C2B2920047B935 /* NSPersistentStoreCoordinator+ext.m */ = {isa = PBXFileReference; fileEncoding = 4; lastKnownFileType = sourcecode.c.objc; path = "NSPersistentStoreCoordinator+ext.m"; sourceTree = "<group>"; };
		72EF357920C2B2920047B935 /* NSPersistentStoreCoordinator+ext.h */ = {isa = PBXFileReference; fileEncoding = 4; lastKnownFileType = sourcecode.c.h; path = "NSPersistentStoreCoordinator+ext.h"; sourceTree = "<group>"; };
		72EF357B20C2B2D50047B935 /* CoreDataManager.m */ = {isa = PBXFileReference; fileEncoding = 4; lastKnownFileType = sourcecode.c.objc; path = CoreDataManager.m; sourceTree = "<group>"; };
		72EF357C20C2B2D50047B935 /* CoreDataManager.h */ = {isa = PBXFileReference; fileEncoding = 4; lastKnownFileType = sourcecode.c.h; path = CoreDataManager.h; sourceTree = "<group>"; };
		72EF358120C2B3270047B935 /* CaptureManager.h */ = {isa = PBXFileReference; fileEncoding = 4; lastKnownFileType = sourcecode.c.h; path = CaptureManager.h; sourceTree = "<group>"; };
		72EF358220C2B3270047B935 /* CaptureManager.m */ = {isa = PBXFileReference; fileEncoding = 4; lastKnownFileType = sourcecode.c.objc; path = CaptureManager.m; sourceTree = "<group>"; };
		72EFAFDF20D39A3E00FF5352 /* AdmobViewController.h */ = {isa = PBXFileReference; lastKnownFileType = sourcecode.c.h; path = AdmobViewController.h; sourceTree = "<group>"; };
		72EFAFE020D39A3E00FF5352 /* AdmobViewController.m */ = {isa = PBXFileReference; lastKnownFileType = sourcecode.c.objc; path = AdmobViewController.m; sourceTree = "<group>"; };
		72EFAFE220D39ACA00FF5352 /* UIViewController+ext.h */ = {isa = PBXFileReference; lastKnownFileType = sourcecode.c.h; path = "UIViewController+ext.h"; sourceTree = "<group>"; };
		72EFAFE320D39ACA00FF5352 /* UIViewController+ext.m */ = {isa = PBXFileReference; lastKnownFileType = sourcecode.c.objc; path = "UIViewController+ext.m"; sourceTree = "<group>"; };
		72F04C1320BAA45E00DA34D2 /* ScreenOn.app */ = {isa = PBXFileReference; explicitFileType = wrapper.application; includeInIndex = 0; path = ScreenOn.app; sourceTree = BUILT_PRODUCTS_DIR; };
		72F04C1620BAA45E00DA34D2 /* AppDelegate.h */ = {isa = PBXFileReference; lastKnownFileType = sourcecode.c.h; path = AppDelegate.h; sourceTree = "<group>"; };
		72F04C1720BAA45E00DA34D2 /* AppDelegate.m */ = {isa = PBXFileReference; lastKnownFileType = sourcecode.c.objc; path = AppDelegate.m; sourceTree = "<group>"; };
		72F04C1D20BAA45E00DA34D2 /* Base */ = {isa = PBXFileReference; lastKnownFileType = file.storyboard; name = Base; path = Base.lproj/Main.storyboard; sourceTree = "<group>"; };
		72F04C2020BAA45E00DA34D2 /* ScreenOn.xcdatamodel */ = {isa = PBXFileReference; lastKnownFileType = wrapper.xcdatamodel; path = ScreenOn.xcdatamodel; sourceTree = "<group>"; };
		72F04C2220BAA46000DA34D2 /* Assets.xcassets */ = {isa = PBXFileReference; lastKnownFileType = folder.assetcatalog; path = Assets.xcassets; sourceTree = "<group>"; };
		72F04C2520BAA46000DA34D2 /* Base */ = {isa = PBXFileReference; lastKnownFileType = file.storyboard; name = Base; path = Base.lproj/LaunchScreen.storyboard; sourceTree = "<group>"; };
		72F04C2720BAA46000DA34D2 /* Info.plist */ = {isa = PBXFileReference; lastKnownFileType = text.plist.xml; path = Info.plist; sourceTree = "<group>"; };
		72F04C2820BAA46000DA34D2 /* main.m */ = {isa = PBXFileReference; lastKnownFileType = sourcecode.c.objc; path = main.m; sourceTree = "<group>"; };
		72F04C2E20BAA46000DA34D2 /* ScreenOnTests.xctest */ = {isa = PBXFileReference; explicitFileType = wrapper.cfbundle; includeInIndex = 0; path = ScreenOnTests.xctest; sourceTree = BUILT_PRODUCTS_DIR; };
		72F04C3220BAA46000DA34D2 /* ScreenOnTests.m */ = {isa = PBXFileReference; lastKnownFileType = sourcecode.c.objc; path = ScreenOnTests.m; sourceTree = "<group>"; };
		72F04C3420BAA46000DA34D2 /* Info.plist */ = {isa = PBXFileReference; lastKnownFileType = text.plist.xml; path = Info.plist; sourceTree = "<group>"; };
		72F04C3920BAA46000DA34D2 /* ScreenOnUITests.xctest */ = {isa = PBXFileReference; explicitFileType = wrapper.cfbundle; includeInIndex = 0; path = ScreenOnUITests.xctest; sourceTree = BUILT_PRODUCTS_DIR; };
		72F04C3D20BAA46000DA34D2 /* ScreenOnUITests.m */ = {isa = PBXFileReference; lastKnownFileType = sourcecode.c.objc; path = ScreenOnUITests.m; sourceTree = "<group>"; };
		72F04C3F20BAA46000DA34D2 /* Info.plist */ = {isa = PBXFileReference; lastKnownFileType = text.plist.xml; path = Info.plist; sourceTree = "<group>"; };
		B4FBDDAAFA8ED0985C05833B /* libPods-ScreenOn.a */ = {isa = PBXFileReference; explicitFileType = archive.ar; includeInIndex = 0; path = "libPods-ScreenOn.a"; sourceTree = BUILT_PRODUCTS_DIR; };
		F5A73F95CEDD1DA09F0E0BDE /* Pods-ScreenOnUITests.release.xcconfig */ = {isa = PBXFileReference; includeInIndex = 1; lastKnownFileType = text.xcconfig; name = "Pods-ScreenOnUITests.release.xcconfig"; path = "Pods/Target Support Files/Pods-ScreenOnUITests/Pods-ScreenOnUITests.release.xcconfig"; sourceTree = "<group>"; };
/* End PBXFileReference section */

/* Begin PBXFrameworksBuildPhase section */
		72F04C1020BAA45E00DA34D2 /* Frameworks */ = {
			isa = PBXFrameworksBuildPhase;
			buildActionMask = 2147483647;
			files = (
				79E8A4B585D8B450D235CC3E /* libPods-ScreenOn.a in Frameworks */,
			);
			runOnlyForDeploymentPostprocessing = 0;
		};
		72F04C2B20BAA46000DA34D2 /* Frameworks */ = {
			isa = PBXFrameworksBuildPhase;
			buildActionMask = 2147483647;
			files = (
				AEC5D61B923CC126D927F817 /* libPods-ScreenOnTests.a in Frameworks */,
			);
			runOnlyForDeploymentPostprocessing = 0;
		};
		72F04C3620BAA46000DA34D2 /* Frameworks */ = {
			isa = PBXFrameworksBuildPhase;
			buildActionMask = 2147483647;
			files = (
				29656812094017C4C64132D9 /* libPods-ScreenOnUITests.a in Frameworks */,
			);
			runOnlyForDeploymentPostprocessing = 0;
		};
/* End PBXFrameworksBuildPhase section */

/* Begin PBXGroup section */
		0207464C83CDD2BB0AFC0A2B /* Frameworks */ = {
			isa = PBXGroup;
			children = (
				B4FBDDAAFA8ED0985C05833B /* libPods-ScreenOn.a */,
				000EE2E0697B2606E5CA6249 /* libPods-ScreenOnTests.a */,
				1475FAF18998C274EA54E64E /* libPods-ScreenOnUITests.a */,
			);
			name = Frameworks;
			sourceTree = "<group>";
		};
		721816D220C3822800207647 /* Extension */ = {
			isa = PBXGroup;
			children = (
				721816D420C382AD00207647 /* NSDate+ext.h */,
				721816D520C382AD00207647 /* NSDate+ext.m */,
			);
			path = Extension;
			sourceTree = "<group>";
		};
		722202D620C2BBDA00B7C77C /* View */ = {
			isa = PBXGroup;
			children = (
				722202D720C2BC1900B7C77C /* Storyboard */,
				72AB4C1A20D3481C00838B96 /* Extension */,
			);
			path = View;
			sourceTree = "<group>";
		};
		722202D720C2BC1900B7C77C /* Storyboard */ = {
			isa = PBXGroup;
			children = (
				72F04C1C20BAA45E00DA34D2 /* Main.storyboard */,
				72F04C2420BAA46000DA34D2 /* LaunchScreen.storyboard */,
			);
			path = Storyboard;
			sourceTree = "<group>";
		};
		724023B620C2B84000CBFD0C /* Config */ = {
			isa = PBXGroup;
			children = (
				72F04C2720BAA46000DA34D2 /* Info.plist */,
				72CFF57A20CBB4780054C564 /* google.plist */,
			);
			path = Config;
			sourceTree = "<group>";
		};
		72AB4C1A20D3481C00838B96 /* Extension */ = {
			isa = PBXGroup;
			children = (
				72AB4C2C20D35FF800838B96 /* UIView+ext.h */,
				72AB4C2D20D35FF800838B96 /* UIView+ext.m */,
			);
			path = Extension;
			sourceTree = "<group>";
		};
		72AB4C1E20D34B2800838B96 /* AppDelegate */ = {
			isa = PBXGroup;
			children = (
				72F04C1620BAA45E00DA34D2 /* AppDelegate.h */,
				72F04C1720BAA45E00DA34D2 /* AppDelegate.m */,
			);
			path = AppDelegate;
			sourceTree = "<group>";
		};
		72AB4C2220D350D200838B96 /* System */ = {
			isa = PBXGroup;
			children = (
				72AB4C2320D350F800838B96 /* UserNotificationManager.h */,
				72AB4C2420D350F800838B96 /* UserNotificationManager.m */,
			);
			path = System;
			sourceTree = "<group>";
		};
		72CFF57C20CBB5340054C564 /* Support */ = {
			isa = PBXGroup;
			children = (
			);
			path = Support;
			sourceTree = "<group>";
		};
		72EE644620BAE7A40019AC72 /* Device Util */ = {
			isa = PBXGroup;
			children = (
				72EF358120C2B3270047B935 /* CaptureManager.h */,
				72EF358220C2B3270047B935 /* CaptureManager.m */,
				72AB4C2920D35AD500838B96 /* LAContext+ext.h */,
				72AB4C2A20D35AD500838B96 /* LAContext+ext.m */,
			);
			path = "Device Util";
			sourceTree = "<group>";
		};
		72EE644720BAE7B30019AC72 /* Datastore */ = {
			isa = PBXGroup;
			children = (
				72F04C1F20BAA45E00DA34D2 /* ScreenOn.xcdatamodeld */,
				72EF357920C2B2920047B935 /* NSPersistentStoreCoordinator+ext.h */,
				72EF357820C2B2920047B935 /* NSPersistentStoreCoordinator+ext.m */,
				72EF357C20C2B2D50047B935 /* CoreDataManager.h */,
				72EF357B20C2B2D50047B935 /* CoreDataManager.m */,
			);
			path = Datastore;
			sourceTree = "<group>";
		};
		72F04C0A20BAA45E00DA34D2 = {
			isa = PBXGroup;
			children = (
				72F04C1520BAA45E00DA34D2 /* ScreenOn */,
				72F04C3120BAA46000DA34D2 /* ScreenOnTests */,
				72F04C3C20BAA46000DA34D2 /* ScreenOnUITests */,
				72F04C1420BAA45E00DA34D2 /* Products */,
				BB1FE5AC49F01570E60F9C69 /* Pods */,
				0207464C83CDD2BB0AFC0A2B /* Frameworks */,
			);
			sourceTree = "<group>";
		};
		72F04C1420BAA45E00DA34D2 /* Products */ = {
			isa = PBXGroup;
			children = (
				72F04C1320BAA45E00DA34D2 /* ScreenOn.app */,
				72F04C2E20BAA46000DA34D2 /* ScreenOnTests.xctest */,
				72F04C3920BAA46000DA34D2 /* ScreenOnUITests.xctest */,
			);
			name = Products;
			sourceTree = "<group>";
		};
		72F04C1520BAA45E00DA34D2 /* ScreenOn */ = {
			isa = PBXGroup;
			children = (
				724023B620C2B84000CBFD0C /* Config */,
				72F04C4B20BAA46B00DA34D2 /* Model */,
				722202D620C2BBDA00B7C77C /* View */,
				72F1F11620BC52B600ACF7BA /* Controller */,
				72F04C2220BAA46000DA34D2 /* Assets.xcassets */,
			);
			path = ScreenOn;
			sourceTree = "<group>";
		};
		72F04C3120BAA46000DA34D2 /* ScreenOnTests */ = {
			isa = PBXGroup;
			children = (
				72F04C3220BAA46000DA34D2 /* ScreenOnTests.m */,
				72F04C3420BAA46000DA34D2 /* Info.plist */,
			);
			path = ScreenOnTests;
			sourceTree = "<group>";
		};
		72F04C3C20BAA46000DA34D2 /* ScreenOnUITests */ = {
			isa = PBXGroup;
			children = (
				72F04C3D20BAA46000DA34D2 /* ScreenOnUITests.m */,
				72F04C3F20BAA46000DA34D2 /* Info.plist */,
			);
			path = ScreenOnUITests;
			sourceTree = "<group>";
		};
		72F04C4B20BAA46B00DA34D2 /* Model */ = {
			isa = PBXGroup;
			children = (
				72EE644720BAE7B30019AC72 /* Datastore */,
				72EE644620BAE7A40019AC72 /* Device Util */,
				72AB4C2220D350D200838B96 /* System */,
				721816D220C3822800207647 /* Extension */,
				72CFF57C20CBB5340054C564 /* Support */,
			);
			path = Model;
			sourceTree = "<group>";
		};
		72F1F11620BC52B600ACF7BA /* Controller */ = {
			isa = PBXGroup;
			children = (
				72AB4C1E20D34B2800838B96 /* AppDelegate */,
				72F04C2820BAA46000DA34D2 /* main.m */,
				72F1F11720BC52BD00ACF7BA /* ViewController */,
			);
			path = Controller;
			sourceTree = "<group>";
		};
		72F1F11720BC52BD00ACF7BA /* ViewController */ = {
			isa = PBXGroup;
			children = (
				72EFAFE220D39ACA00FF5352 /* UIViewController+ext.h */,
				72EFAFE320D39ACA00FF5352 /* UIViewController+ext.m */,
				72EFAFDF20D39A3E00FF5352 /* AdmobViewController.h */,
				72EFAFE020D39A3E00FF5352 /* AdmobViewController.m */,
				722202D820C2BC6B00B7C77C /* LoginViewController.h */,
				722202D920C2BC6B00B7C77C /* LoginViewController.m */,
			);
			path = ViewController;
			sourceTree = "<group>";
		};
		BB1FE5AC49F01570E60F9C69 /* Pods */ = {
			isa = PBXGroup;
			children = (
				673FC7D1314B7AFCB444DEDB /* Pods-ScreenOn.debug.xcconfig */,
				1C932B0D1315EA8AC86029AC /* Pods-ScreenOn.release.xcconfig */,
				4E30B5E10A9575D7DECEAF1D /* Pods-ScreenOnTests.debug.xcconfig */,
				0D7241DA09C85A73B2653836 /* Pods-ScreenOnTests.release.xcconfig */,
				0C149EDFEBE5B37D239A1A9C /* Pods-ScreenOnUITests.debug.xcconfig */,
				F5A73F95CEDD1DA09F0E0BDE /* Pods-ScreenOnUITests.release.xcconfig */,
			);
			name = Pods;
			sourceTree = "<group>";
		};
/* End PBXGroup section */

/* Begin PBXNativeTarget section */
		72F04C1220BAA45E00DA34D2 /* ScreenOn */ = {
			isa = PBXNativeTarget;
			buildConfigurationList = 72F04C4220BAA46000DA34D2 /* Build configuration list for PBXNativeTarget "ScreenOn" */;
			buildPhases = (
				B55E91BBE4BFE8D3F0DD55F7 /* [CP] Check Pods Manifest.lock */,
				72F04C0F20BAA45E00DA34D2 /* Sources */,
				72F04C1020BAA45E00DA34D2 /* Frameworks */,
				72F04C1120BAA45E00DA34D2 /* Resources */,
				5A740118CFCF107FC171FDA3 /* [CP] Copy Pods Resources */,
			);
			buildRules = (
			);
			dependencies = (
			);
			name = ScreenOn;
			productName = ScreenOn;
			productReference = 72F04C1320BAA45E00DA34D2 /* ScreenOn.app */;
			productType = "com.apple.product-type.application";
		};
		72F04C2D20BAA46000DA34D2 /* ScreenOnTests */ = {
			isa = PBXNativeTarget;
			buildConfigurationList = 72F04C4520BAA46000DA34D2 /* Build configuration list for PBXNativeTarget "ScreenOnTests" */;
			buildPhases = (
				169A9006F8A7FD5DDE898AD3 /* [CP] Check Pods Manifest.lock */,
				72F04C2A20BAA46000DA34D2 /* Sources */,
				72F04C2B20BAA46000DA34D2 /* Frameworks */,
				72F04C2C20BAA46000DA34D2 /* Resources */,
			);
			buildRules = (
			);
			dependencies = (
				72F04C3020BAA46000DA34D2 /* PBXTargetDependency */,
			);
			name = ScreenOnTests;
			productName = ScreenOnTests;
			productReference = 72F04C2E20BAA46000DA34D2 /* ScreenOnTests.xctest */;
			productType = "com.apple.product-type.bundle.unit-test";
		};
		72F04C3820BAA46000DA34D2 /* ScreenOnUITests */ = {
			isa = PBXNativeTarget;
			buildConfigurationList = 72F04C4820BAA46000DA34D2 /* Build configuration list for PBXNativeTarget "ScreenOnUITests" */;
			buildPhases = (
				CD460BBE9B624B08FA4496D5 /* [CP] Check Pods Manifest.lock */,
				72F04C3520BAA46000DA34D2 /* Sources */,
				72F04C3620BAA46000DA34D2 /* Frameworks */,
				72F04C3720BAA46000DA34D2 /* Resources */,
			);
			buildRules = (
			);
			dependencies = (
				72F04C3B20BAA46000DA34D2 /* PBXTargetDependency */,
			);
			name = ScreenOnUITests;
			productName = ScreenOnUITests;
			productReference = 72F04C3920BAA46000DA34D2 /* ScreenOnUITests.xctest */;
			productType = "com.apple.product-type.bundle.ui-testing";
		};
/* End PBXNativeTarget section */

/* Begin PBXProject section */
		72F04C0B20BAA45E00DA34D2 /* Project object */ = {
			isa = PBXProject;
			attributes = {
				LastUpgradeCheck = 0930;
				ORGANIZATIONNAME = "Chin Wee Kerk";
				TargetAttributes = {
					72F04C1220BAA45E00DA34D2 = {
						CreatedOnToolsVersion = 9.3.1;
					};
					72F04C2D20BAA46000DA34D2 = {
						CreatedOnToolsVersion = 9.3.1;
						TestTargetID = 72F04C1220BAA45E00DA34D2;
					};
					72F04C3820BAA46000DA34D2 = {
						CreatedOnToolsVersion = 9.3.1;
						TestTargetID = 72F04C1220BAA45E00DA34D2;
					};
				};
			};
			buildConfigurationList = 72F04C0E20BAA45E00DA34D2 /* Build configuration list for PBXProject "ScreenOn" */;
			compatibilityVersion = "Xcode 9.3";
			developmentRegion = en;
			hasScannedForEncodings = 0;
			knownRegions = (
				en,
				Base,
			);
			mainGroup = 72F04C0A20BAA45E00DA34D2;
			productRefGroup = 72F04C1420BAA45E00DA34D2 /* Products */;
			projectDirPath = "";
			projectRoot = "";
			targets = (
				72F04C1220BAA45E00DA34D2 /* ScreenOn */,
				72F04C2D20BAA46000DA34D2 /* ScreenOnTests */,
				72F04C3820BAA46000DA34D2 /* ScreenOnUITests */,
			);
		};
/* End PBXProject section */

/* Begin PBXResourcesBuildPhase section */
		72F04C1120BAA45E00DA34D2 /* Resources */ = {
			isa = PBXResourcesBuildPhase;
			buildActionMask = 2147483647;
			files = (
				72F04C2620BAA46000DA34D2 /* LaunchScreen.storyboard in Resources */,
				72F04C2320BAA46000DA34D2 /* Assets.xcassets in Resources */,
				72F04C1E20BAA45E00DA34D2 /* Main.storyboard in Resources */,
				72CFF57B20CBB4780054C564 /* google.plist in Resources */,
			);
			runOnlyForDeploymentPostprocessing = 0;
		};
		72F04C2C20BAA46000DA34D2 /* Resources */ = {
			isa = PBXResourcesBuildPhase;
			buildActionMask = 2147483647;
			files = (
			);
			runOnlyForDeploymentPostprocessing = 0;
		};
		72F04C3720BAA46000DA34D2 /* Resources */ = {
			isa = PBXResourcesBuildPhase;
			buildActionMask = 2147483647;
			files = (
			);
			runOnlyForDeploymentPostprocessing = 0;
		};
/* End PBXResourcesBuildPhase section */

/* Begin PBXShellScriptBuildPhase section */
		169A9006F8A7FD5DDE898AD3 /* [CP] Check Pods Manifest.lock */ = {
			isa = PBXShellScriptBuildPhase;
			buildActionMask = 2147483647;
			files = (
			);
			inputPaths = (
				"${PODS_PODFILE_DIR_PATH}/Podfile.lock",
				"${PODS_ROOT}/Manifest.lock",
			);
			name = "[CP] Check Pods Manifest.lock";
			outputPaths = (
				"$(DERIVED_FILE_DIR)/Pods-ScreenOnTests-checkManifestLockResult.txt",
			);
			runOnlyForDeploymentPostprocessing = 0;
			shellPath = /bin/sh;
			shellScript = "diff \"${PODS_PODFILE_DIR_PATH}/Podfile.lock\" \"${PODS_ROOT}/Manifest.lock\" > /dev/null\nif [ $? != 0 ] ; then\n    # print error to STDERR\n    echo \"error: The sandbox is not in sync with the Podfile.lock. Run 'pod install' or update your CocoaPods installation.\" >&2\n    exit 1\nfi\n# This output is used by Xcode 'outputs' to avoid re-running this script phase.\necho \"SUCCESS\" > \"${SCRIPT_OUTPUT_FILE_0}\"\n";
			showEnvVarsInLog = 0;
		};
		5A740118CFCF107FC171FDA3 /* [CP] Copy Pods Resources */ = {
			isa = PBXShellScriptBuildPhase;
			buildActionMask = 2147483647;
			files = (
			);
			inputPaths = (
				"${SRCROOT}/Pods/Target Support Files/Pods-ScreenOn/Pods-ScreenOn-resources.sh",
				"${PODS_ROOT}/FBSDKCoreKit/FacebookSDKStrings.bundle",
				"${PODS_ROOT}/GTMOAuth2/Source/Touch/GTMOAuth2ViewTouch.xib",
				"${PODS_ROOT}/GoogleSignIn/Resources/GoogleSignIn.bundle",
				"${PODS_CONFIGURATION_BUILD_DIR}/PersonalizedAdConsent/PersonalizedAdConsent.bundle",
				"${PODS_ROOT}/SAMKeychain/Support/SAMKeychain.bundle",
			);
			name = "[CP] Copy Pods Resources";
			outputPaths = (
				"${TARGET_BUILD_DIR}/${UNLOCALIZED_RESOURCES_FOLDER_PATH}/FacebookSDKStrings.bundle",
				"${TARGET_BUILD_DIR}/${UNLOCALIZED_RESOURCES_FOLDER_PATH}/GTMOAuth2ViewTouch.nib",
				"${TARGET_BUILD_DIR}/${UNLOCALIZED_RESOURCES_FOLDER_PATH}/GoogleSignIn.bundle",
				"${TARGET_BUILD_DIR}/${UNLOCALIZED_RESOURCES_FOLDER_PATH}/PersonalizedAdConsent.bundle",
				"${TARGET_BUILD_DIR}/${UNLOCALIZED_RESOURCES_FOLDER_PATH}/SAMKeychain.bundle",
			);
			runOnlyForDeploymentPostprocessing = 0;
			shellPath = /bin/sh;
			shellScript = "\"${SRCROOT}/Pods/Target Support Files/Pods-ScreenOn/Pods-ScreenOn-resources.sh\"\n";
			showEnvVarsInLog = 0;
		};
		B55E91BBE4BFE8D3F0DD55F7 /* [CP] Check Pods Manifest.lock */ = {
			isa = PBXShellScriptBuildPhase;
			buildActionMask = 2147483647;
			files = (
			);
			inputPaths = (
				"${PODS_PODFILE_DIR_PATH}/Podfile.lock",
				"${PODS_ROOT}/Manifest.lock",
			);
			name = "[CP] Check Pods Manifest.lock";
			outputPaths = (
				"$(DERIVED_FILE_DIR)/Pods-ScreenOn-checkManifestLockResult.txt",
			);
			runOnlyForDeploymentPostprocessing = 0;
			shellPath = /bin/sh;
			shellScript = "diff \"${PODS_PODFILE_DIR_PATH}/Podfile.lock\" \"${PODS_ROOT}/Manifest.lock\" > /dev/null\nif [ $? != 0 ] ; then\n    # print error to STDERR\n    echo \"error: The sandbox is not in sync with the Podfile.lock. Run 'pod install' or update your CocoaPods installation.\" >&2\n    exit 1\nfi\n# This output is used by Xcode 'outputs' to avoid re-running this script phase.\necho \"SUCCESS\" > \"${SCRIPT_OUTPUT_FILE_0}\"\n";
			showEnvVarsInLog = 0;
		};
		CD460BBE9B624B08FA4496D5 /* [CP] Check Pods Manifest.lock */ = {
			isa = PBXShellScriptBuildPhase;
			buildActionMask = 2147483647;
			files = (
			);
			inputPaths = (
				"${PODS_PODFILE_DIR_PATH}/Podfile.lock",
				"${PODS_ROOT}/Manifest.lock",
			);
			name = "[CP] Check Pods Manifest.lock";
			outputPaths = (
				"$(DERIVED_FILE_DIR)/Pods-ScreenOnUITests-checkManifestLockResult.txt",
			);
			runOnlyForDeploymentPostprocessing = 0;
			shellPath = /bin/sh;
			shellScript = "diff \"${PODS_PODFILE_DIR_PATH}/Podfile.lock\" \"${PODS_ROOT}/Manifest.lock\" > /dev/null\nif [ $? != 0 ] ; then\n    # print error to STDERR\n    echo \"error: The sandbox is not in sync with the Podfile.lock. Run 'pod install' or update your CocoaPods installation.\" >&2\n    exit 1\nfi\n# This output is used by Xcode 'outputs' to avoid re-running this script phase.\necho \"SUCCESS\" > \"${SCRIPT_OUTPUT_FILE_0}\"\n";
			showEnvVarsInLog = 0;
		};
/* End PBXShellScriptBuildPhase section */

/* Begin PBXSourcesBuildPhase section */
		72F04C0F20BAA45E00DA34D2 /* Sources */ = {
			isa = PBXSourcesBuildPhase;
			buildActionMask = 2147483647;
			files = (
				72EFAFE420D39ACA00FF5352 /* UIViewController+ext.m in Sources */,
				72AB4C2B20D35AD500838B96 /* LAContext+ext.m in Sources */,
				72EF357D20C2B2D50047B935 /* CoreDataManager.m in Sources */,
				72EF358320C2B3270047B935 /* CaptureManager.m in Sources */,
				72AB4C2520D350F800838B96 /* UserNotificationManager.m in Sources */,
				721816D620C382AD00207647 /* NSDate+ext.m in Sources */,
				722202DA20C2BC6B00B7C77C /* LoginViewController.m in Sources */,
				72EFAFE120D39A3E00FF5352 /* AdmobViewController.m in Sources */,
				72EF357A20C2B2920047B935 /* NSPersistentStoreCoordinator+ext.m in Sources */,
				72F04C2120BAA45E00DA34D2 /* ScreenOn.xcdatamodeld in Sources */,
				72F04C2920BAA46000DA34D2 /* main.m in Sources */,
				72F04C1820BAA45E00DA34D2 /* AppDelegate.m in Sources */,
				72AB4C2E20D35FF800838B96 /* UIView+ext.m in Sources */,
			);
			runOnlyForDeploymentPostprocessing = 0;
		};
		72F04C2A20BAA46000DA34D2 /* Sources */ = {
			isa = PBXSourcesBuildPhase;
			buildActionMask = 2147483647;
			files = (
				72F04C3320BAA46000DA34D2 /* ScreenOnTests.m in Sources */,
			);
			runOnlyForDeploymentPostprocessing = 0;
		};
		72F04C3520BAA46000DA34D2 /* Sources */ = {
			isa = PBXSourcesBuildPhase;
			buildActionMask = 2147483647;
			files = (
				72F04C3E20BAA46000DA34D2 /* ScreenOnUITests.m in Sources */,
			);
			runOnlyForDeploymentPostprocessing = 0;
		};
/* End PBXSourcesBuildPhase section */

/* Begin PBXTargetDependency section */
		72F04C3020BAA46000DA34D2 /* PBXTargetDependency */ = {
			isa = PBXTargetDependency;
			target = 72F04C1220BAA45E00DA34D2 /* ScreenOn */;
			targetProxy = 72F04C2F20BAA46000DA34D2 /* PBXContainerItemProxy */;
		};
		72F04C3B20BAA46000DA34D2 /* PBXTargetDependency */ = {
			isa = PBXTargetDependency;
			target = 72F04C1220BAA45E00DA34D2 /* ScreenOn */;
			targetProxy = 72F04C3A20BAA46000DA34D2 /* PBXContainerItemProxy */;
		};
/* End PBXTargetDependency section */

/* Begin PBXVariantGroup section */
		72F04C1C20BAA45E00DA34D2 /* Main.storyboard */ = {
			isa = PBXVariantGroup;
			children = (
				72F04C1D20BAA45E00DA34D2 /* Base */,
			);
			name = Main.storyboard;
			sourceTree = "<group>";
		};
		72F04C2420BAA46000DA34D2 /* LaunchScreen.storyboard */ = {
			isa = PBXVariantGroup;
			children = (
				72F04C2520BAA46000DA34D2 /* Base */,
			);
			name = LaunchScreen.storyboard;
			sourceTree = "<group>";
		};
/* End PBXVariantGroup section */

/* Begin XCBuildConfiguration section */
		72F04C4020BAA46000DA34D2 /* Debug */ = {
			isa = XCBuildConfiguration;
			buildSettings = {
				ALWAYS_SEARCH_USER_PATHS = NO;
				CLANG_ANALYZER_NONNULL = YES;
				CLANG_ANALYZER_NUMBER_OBJECT_CONVERSION = YES_AGGRESSIVE;
				CLANG_CXX_LANGUAGE_STANDARD = "gnu++14";
				CLANG_CXX_LIBRARY = "libc++";
				CLANG_ENABLE_MODULES = YES;
				CLANG_ENABLE_OBJC_ARC = YES;
				CLANG_ENABLE_OBJC_WEAK = YES;
				CLANG_WARN_BLOCK_CAPTURE_AUTORELEASING = YES;
				CLANG_WARN_BOOL_CONVERSION = YES;
				CLANG_WARN_COMMA = YES;
				CLANG_WARN_CONSTANT_CONVERSION = YES;
				CLANG_WARN_DEPRECATED_OBJC_IMPLEMENTATIONS = YES;
				CLANG_WARN_DIRECT_OBJC_ISA_USAGE = YES_ERROR;
				CLANG_WARN_DOCUMENTATION_COMMENTS = YES;
				CLANG_WARN_EMPTY_BODY = YES;
				CLANG_WARN_ENUM_CONVERSION = YES;
				CLANG_WARN_INFINITE_RECURSION = YES;
				CLANG_WARN_INT_CONVERSION = YES;
				CLANG_WARN_NON_LITERAL_NULL_CONVERSION = YES;
				CLANG_WARN_OBJC_IMPLICIT_RETAIN_SELF = YES;
				CLANG_WARN_OBJC_LITERAL_CONVERSION = YES;
				CLANG_WARN_OBJC_ROOT_CLASS = YES_ERROR;
				CLANG_WARN_RANGE_LOOP_ANALYSIS = YES;
				CLANG_WARN_STRICT_PROTOTYPES = YES;
				CLANG_WARN_SUSPICIOUS_MOVE = YES;
				CLANG_WARN_UNGUARDED_AVAILABILITY = YES_AGGRESSIVE;
				CLANG_WARN_UNREACHABLE_CODE = YES;
				CLANG_WARN__DUPLICATE_METHOD_MATCH = YES;
				CODE_SIGN_IDENTITY = "iPhone Developer";
				COPY_PHASE_STRIP = NO;
				DEBUG_INFORMATION_FORMAT = dwarf;
				ENABLE_STRICT_OBJC_MSGSEND = YES;
				ENABLE_TESTABILITY = YES;
				GCC_C_LANGUAGE_STANDARD = gnu11;
				GCC_DYNAMIC_NO_PIC = NO;
				GCC_NO_COMMON_BLOCKS = YES;
				GCC_OPTIMIZATION_LEVEL = 0;
				GCC_PREPROCESSOR_DEFINITIONS = (
					"DEBUG=1",
					"$(inherited)",
				);
				GCC_WARN_64_TO_32_BIT_CONVERSION = YES;
				GCC_WARN_ABOUT_RETURN_TYPE = YES_ERROR;
				GCC_WARN_UNDECLARED_SELECTOR = YES;
				GCC_WARN_UNINITIALIZED_AUTOS = YES_AGGRESSIVE;
				GCC_WARN_UNUSED_FUNCTION = YES;
				GCC_WARN_UNUSED_VARIABLE = YES;
				IPHONEOS_DEPLOYMENT_TARGET = 8.0;
				MTL_ENABLE_DEBUG_INFO = YES;
				ONLY_ACTIVE_ARCH = YES;
				SDKROOT = iphoneos;
			};
			name = Debug;
		};
		72F04C4120BAA46000DA34D2 /* Release */ = {
			isa = XCBuildConfiguration;
			buildSettings = {
				ALWAYS_SEARCH_USER_PATHS = NO;
				CLANG_ANALYZER_NONNULL = YES;
				CLANG_ANALYZER_NUMBER_OBJECT_CONVERSION = YES_AGGRESSIVE;
				CLANG_CXX_LANGUAGE_STANDARD = "gnu++14";
				CLANG_CXX_LIBRARY = "libc++";
				CLANG_ENABLE_MODULES = YES;
				CLANG_ENABLE_OBJC_ARC = YES;
				CLANG_ENABLE_OBJC_WEAK = YES;
				CLANG_WARN_BLOCK_CAPTURE_AUTORELEASING = YES;
				CLANG_WARN_BOOL_CONVERSION = YES;
				CLANG_WARN_COMMA = YES;
				CLANG_WARN_CONSTANT_CONVERSION = YES;
				CLANG_WARN_DEPRECATED_OBJC_IMPLEMENTATIONS = YES;
				CLANG_WARN_DIRECT_OBJC_ISA_USAGE = YES_ERROR;
				CLANG_WARN_DOCUMENTATION_COMMENTS = YES;
				CLANG_WARN_EMPTY_BODY = YES;
				CLANG_WARN_ENUM_CONVERSION = YES;
				CLANG_WARN_INFINITE_RECURSION = YES;
				CLANG_WARN_INT_CONVERSION = YES;
				CLANG_WARN_NON_LITERAL_NULL_CONVERSION = YES;
				CLANG_WARN_OBJC_IMPLICIT_RETAIN_SELF = YES;
				CLANG_WARN_OBJC_LITERAL_CONVERSION = YES;
				CLANG_WARN_OBJC_ROOT_CLASS = YES_ERROR;
				CLANG_WARN_RANGE_LOOP_ANALYSIS = YES;
				CLANG_WARN_STRICT_PROTOTYPES = YES;
				CLANG_WARN_SUSPICIOUS_MOVE = YES;
				CLANG_WARN_UNGUARDED_AVAILABILITY = YES_AGGRESSIVE;
				CLANG_WARN_UNREACHABLE_CODE = YES;
				CLANG_WARN__DUPLICATE_METHOD_MATCH = YES;
				CODE_SIGN_IDENTITY = "iPhone Developer";
				COPY_PHASE_STRIP = NO;
				DEBUG_INFORMATION_FORMAT = "dwarf-with-dsym";
				ENABLE_NS_ASSERTIONS = NO;
				ENABLE_STRICT_OBJC_MSGSEND = YES;
				GCC_C_LANGUAGE_STANDARD = gnu11;
				GCC_NO_COMMON_BLOCKS = YES;
				GCC_WARN_64_TO_32_BIT_CONVERSION = YES;
				GCC_WARN_ABOUT_RETURN_TYPE = YES_ERROR;
				GCC_WARN_UNDECLARED_SELECTOR = YES;
				GCC_WARN_UNINITIALIZED_AUTOS = YES_AGGRESSIVE;
				GCC_WARN_UNUSED_FUNCTION = YES;
				GCC_WARN_UNUSED_VARIABLE = YES;
				IPHONEOS_DEPLOYMENT_TARGET = 8.0;
				MTL_ENABLE_DEBUG_INFO = NO;
				SDKROOT = iphoneos;
				VALIDATE_PRODUCT = YES;
			};
			name = Release;
		};
		72F04C4320BAA46000DA34D2 /* Debug */ = {
			isa = XCBuildConfiguration;
			baseConfigurationReference = 673FC7D1314B7AFCB444DEDB /* Pods-ScreenOn.debug.xcconfig */;
			buildSettings = {
				ASSETCATALOG_COMPILER_APPICON_NAME = AppIcon;
				CODE_SIGN_STYLE = Automatic;
				DEVELOPMENT_TEAM = YH5SLCL397;
				INFOPLIST_FILE = ScreenOn/Config/Info.plist;
				IPHONEOS_DEPLOYMENT_TARGET = 8.0;
				LD_RUNPATH_SEARCH_PATHS = (
					"$(inherited)",
					"@executable_path/Frameworks",
				);
				PRODUCT_BUNDLE_IDENTIFIER = chinwee.ScreenOn;
				PRODUCT_NAME = "$(TARGET_NAME)";
				TARGETED_DEVICE_FAMILY = "1,2";
			};
			name = Debug;
		};
		72F04C4420BAA46000DA34D2 /* Release */ = {
			isa = XCBuildConfiguration;
			baseConfigurationReference = 1C932B0D1315EA8AC86029AC /* Pods-ScreenOn.release.xcconfig */;
			buildSettings = {
				ASSETCATALOG_COMPILER_APPICON_NAME = AppIcon;
				CODE_SIGN_STYLE = Automatic;
				DEVELOPMENT_TEAM = YH5SLCL397;
				INFOPLIST_FILE = ScreenOn/Config/Info.plist;
				IPHONEOS_DEPLOYMENT_TARGET = 8.0;
				LD_RUNPATH_SEARCH_PATHS = (
					"$(inherited)",
					"@executable_path/Frameworks",
				);
				PRODUCT_BUNDLE_IDENTIFIER = chinwee.ScreenOn;
				PRODUCT_NAME = "$(TARGET_NAME)";
				TARGETED_DEVICE_FAMILY = "1,2";
			};
			name = Release;
		};
		72F04C4620BAA46000DA34D2 /* Debug */ = {
			isa = XCBuildConfiguration;
			baseConfigurationReference = 4E30B5E10A9575D7DECEAF1D /* Pods-ScreenOnTests.debug.xcconfig */;
			buildSettings = {
				BUNDLE_LOADER = "$(TEST_HOST)";
				CODE_SIGN_STYLE = Automatic;
				DEVELOPMENT_TEAM = YH5SLCL397;
				INFOPLIST_FILE = ScreenOnTests/Info.plist;
				LD_RUNPATH_SEARCH_PATHS = (
					"$(inherited)",
					"@executable_path/Frameworks",
					"@loader_path/Frameworks",
				);
				PRODUCT_BUNDLE_IDENTIFIER = chinwee.ScreenOnTests;
				PRODUCT_NAME = "$(TARGET_NAME)";
				TARGETED_DEVICE_FAMILY = "1,2";
				TEST_HOST = "$(BUILT_PRODUCTS_DIR)/ScreenOn.app/ScreenOn";
			};
			name = Debug;
		};
		72F04C4720BAA46000DA34D2 /* Release */ = {
			isa = XCBuildConfiguration;
			baseConfigurationReference = 0D7241DA09C85A73B2653836 /* Pods-ScreenOnTests.release.xcconfig */;
			buildSettings = {
				BUNDLE_LOADER = "$(TEST_HOST)";
				CODE_SIGN_STYLE = Automatic;
				DEVELOPMENT_TEAM = YH5SLCL397;
				INFOPLIST_FILE = ScreenOnTests/Info.plist;
				LD_RUNPATH_SEARCH_PATHS = (
					"$(inherited)",
					"@executable_path/Frameworks",
					"@loader_path/Frameworks",
				);
				PRODUCT_BUNDLE_IDENTIFIER = chinwee.ScreenOnTests;
				PRODUCT_NAME = "$(TARGET_NAME)";
				TARGETED_DEVICE_FAMILY = "1,2";
				TEST_HOST = "$(BUILT_PRODUCTS_DIR)/ScreenOn.app/ScreenOn";
			};
			name = Release;
		};
		72F04C4920BAA46000DA34D2 /* Debug */ = {
			isa = XCBuildConfiguration;
			baseConfigurationReference = 0C149EDFEBE5B37D239A1A9C /* Pods-ScreenOnUITests.debug.xcconfig */;
			buildSettings = {
				CODE_SIGN_STYLE = Automatic;
				DEVELOPMENT_TEAM = YH5SLCL397;
				INFOPLIST_FILE = ScreenOnUITests/Info.plist;
				LD_RUNPATH_SEARCH_PATHS = (
					"$(inherited)",
					"@executable_path/Frameworks",
					"@loader_path/Frameworks",
				);
				PRODUCT_BUNDLE_IDENTIFIER = chinwee.ScreenOnUITests;
				PRODUCT_NAME = "$(TARGET_NAME)";
				TARGETED_DEVICE_FAMILY = "1,2";
				TEST_TARGET_NAME = ScreenOn;
			};
			name = Debug;
		};
		72F04C4A20BAA46000DA34D2 /* Release */ = {
			isa = XCBuildConfiguration;
			baseConfigurationReference = F5A73F95CEDD1DA09F0E0BDE /* Pods-ScreenOnUITests.release.xcconfig */;
			buildSettings = {
				CODE_SIGN_STYLE = Automatic;
				DEVELOPMENT_TEAM = YH5SLCL397;
				INFOPLIST_FILE = ScreenOnUITests/Info.plist;
				LD_RUNPATH_SEARCH_PATHS = (
					"$(inherited)",
					"@executable_path/Frameworks",
					"@loader_path/Frameworks",
				);
				PRODUCT_BUNDLE_IDENTIFIER = chinwee.ScreenOnUITests;
				PRODUCT_NAME = "$(TARGET_NAME)";
				TARGETED_DEVICE_FAMILY = "1,2";
				TEST_TARGET_NAME = ScreenOn;
			};
			name = Release;
		};
/* End XCBuildConfiguration section */

/* Begin XCConfigurationList section */
		72F04C0E20BAA45E00DA34D2 /* Build configuration list for PBXProject "ScreenOn" */ = {
			isa = XCConfigurationList;
			buildConfigurations = (
				72F04C4020BAA46000DA34D2 /* Debug */,
				72F04C4120BAA46000DA34D2 /* Release */,
			);
			defaultConfigurationIsVisible = 0;
			defaultConfigurationName = Release;
		};
		72F04C4220BAA46000DA34D2 /* Build configuration list for PBXNativeTarget "ScreenOn" */ = {
			isa = XCConfigurationList;
			buildConfigurations = (
				72F04C4320BAA46000DA34D2 /* Debug */,
				72F04C4420BAA46000DA34D2 /* Release */,
			);
			defaultConfigurationIsVisible = 0;
			defaultConfigurationName = Release;
		};
		72F04C4520BAA46000DA34D2 /* Build configuration list for PBXNativeTarget "ScreenOnTests" */ = {
			isa = XCConfigurationList;
			buildConfigurations = (
				72F04C4620BAA46000DA34D2 /* Debug */,
				72F04C4720BAA46000DA34D2 /* Release */,
			);
			defaultConfigurationIsVisible = 0;
			defaultConfigurationName = Release;
		};
		72F04C4820BAA46000DA34D2 /* Build configuration list for PBXNativeTarget "ScreenOnUITests" */ = {
			isa = XCConfigurationList;
			buildConfigurations = (
				72F04C4920BAA46000DA34D2 /* Debug */,
				72F04C4A20BAA46000DA34D2 /* Release */,
			);
			defaultConfigurationIsVisible = 0;
			defaultConfigurationName = Release;
		};
/* End XCConfigurationList section */

/* Begin XCVersionGroup section */
		72F04C1F20BAA45E00DA34D2 /* ScreenOn.xcdatamodeld */ = {
			isa = XCVersionGroup;
			children = (
				72F04C2020BAA45E00DA34D2 /* ScreenOn.xcdatamodel */,
			);
			currentVersion = 72F04C2020BAA45E00DA34D2 /* ScreenOn.xcdatamodel */;
			path = ScreenOn.xcdatamodeld;
			sourceTree = "<group>";
			versionGroupType = wrapper.xcdatamodel;
		};
/* End XCVersionGroup section */
	};
	rootObject = 72F04C0B20BAA45E00DA34D2 /* Project object */;
}
